[[package]]
name = "atomicwrites"
version = "1.3.0"
description = "Atomic file writes."
category = "dev"
optional = false
python-versions = ">=2.7, !=3.0.*, !=3.1.*, !=3.2.*, !=3.3.*"

[[package]]
name = "attrs"
version = "19.3.0"
description = "Classes Without Boilerplate"
category = "dev"
optional = false
python-versions = ">=2.7, !=3.0.*, !=3.1.*, !=3.2.*, !=3.3.*"

[package.extras]
azure-pipelines = ["coverage", "hypothesis", "pympler", "pytest (>=4.3.0)", "six", "zope.interface", "pytest-azurepipelines"]
dev = ["coverage", "hypothesis", "pympler", "pytest (>=4.3.0)", "six", "zope.interface", "sphinx", "pre-commit"]
docs = ["sphinx", "zope.interface"]
tests = ["coverage", "hypothesis", "pympler", "pytest (>=4.3.0)", "six", "zope.interface"]

[[package]]
name = "autopep8"
version = "1.4.4"
description = "A tool that automatically formats Python code to conform to the PEP 8 style guide"
category = "dev"
optional = false
python-versions = "*"

[package.dependencies]
pycodestyle = ">=2.4.0"

[[package]]
name = "certifi"
version = "2019.9.11"
description = "Python package for providing Mozilla's CA Bundle."
category = "dev"
optional = false
python-versions = "*"

[[package]]
name = "chainer"
version = "6.5.0"
description = "A flexible framework of neural networks"
category = "main"
optional = false
python-versions = "*"

[package.dependencies]
filelock = "*"
numpy = ">=1.9.0"
protobuf = ">=3.0.0"
six = ">=1.9.0"
typing = "<=3.6.6"
typing_extensions = "<=3.6.6"

[package.extras]
appveyor = ["pytest (<4.2.0)", "attrs (<19.2.0)", "mock", "pytest-timeout (<1.3.0)"]
docs = ["sphinx (==1.8.2)", "sphinx-rtd-theme"]
doctest = ["sphinx (==1.8.2)", "matplotlib", "theano"]
jenkins = ["pytest (<4.2.0)", "attrs (<19.2.0)", "mock", "pytest-timeout (<1.3.0)", "pytest-cov", "nose", "coveralls", "codecov"]
stylecheck = ["autopep8 (>=1.4.1,<1.5)", "flake8 (>=3.7,<3.8)", "pycodestyle (>=2.5,<2.6)", "mypy"]
test = ["pytest (<4.2.0)", "attrs (<19.2.0)", "mock"]

[[package]]
name = "chardet"
version = "3.0.4"
description = "Universal encoding detector for Python 2 and 3"
category = "dev"
optional = false
python-versions = "*"

[[package]]
name = "colorama"
version = "0.4.1"
description = "Cross-platform colored terminal text."
category = "dev"
optional = false
python-versions = ">=2.7, !=3.0.*, !=3.1.*, !=3.2.*, !=3.3.*"

[[package]]
name = "coverage"
version = "4.5.4"
description = "Code coverage measurement for Python"
category = "dev"
optional = false
python-versions = ">=2.6, !=3.0.*, !=3.1.*, !=3.2.*, <4"

[[package]]
name = "coveralls"
version = "1.8.2"
description = "Show coverage stats online via coveralls.io"
category = "dev"
optional = false
python-versions = "*"

[package.dependencies]
coverage = ">=3.6,<5.0"
docopt = ">=0.6.1"
requests = ">=1.0.0"

[package.extras]
yaml = ["PyYAML (>=3.10)"]

[[package]]
name = "cycler"
version = "0.10.0"
description = "Composable style cycles"
category = "main"
optional = false
python-versions = "*"

[package.dependencies]
six = "*"

[[package]]
name = "docopt"
version = "0.6.2"
description = "Pythonic argument parser, that will make you smile"
category = "dev"
optional = false
python-versions = "*"

[[package]]
name = "filelock"
version = "3.0.12"
description = "A platform independent file lock."
category = "main"
optional = false
python-versions = "*"

[[package]]
name = "idna"
version = "2.8"
description = "Internationalized Domain Names in Applications (IDNA)"
category = "dev"
optional = false
python-versions = ">=2.7, !=3.0.*, !=3.1.*, !=3.2.*, !=3.3.*"

[[package]]
name = "importlib-metadata"
version = "0.23"
description = "Read metadata from Python packages"
category = "dev"
optional = false
python-versions = ">=2.7,!=3.0,!=3.1,!=3.2,!=3.3"

[package.dependencies]
zipp = ">=0.5"

[package.extras]
docs = ["sphinx", "rst.linker"]
testing = ["packaging", "importlib-resources"]

[[package]]
name = "kiwisolver"
version = "1.1.0"
description = "A fast implementation of the Cassowary constraint solver"
category = "main"
optional = false
python-versions = ">=2.7, !=3.0.*, !=3.1.*, !=3.2.*, !=3.3.*"

[[package]]
name = "matplotlib"
version = "3.1.1"
description = "Python plotting package"
category = "main"
optional = false
python-versions = ">=3.6"

[package.dependencies]
cycler = ">=0.10"
kiwisolver = ">=1.0.1"
numpy = ">=1.11"
pyparsing = ">=2.0.1,<2.0.4 || >2.0.4,<2.1.2 || >2.1.2,<2.1.6 || >2.1.6"
python-dateutil = ">=2.1"

[[package]]
name = "more-itertools"
version = "7.2.0"
description = "More routines for operating on iterables, beyond itertools"
category = "dev"
optional = false
python-versions = ">=3.4"

[[package]]
name = "numpy"
version = "1.17.3"
description = "NumPy is the fundamental package for array computing with Python."
category = "main"
optional = false
python-versions = ">=3.5"

[[package]]
name = "opencv-contrib-python"
version = "4.1.1.26"
description = "Wrapper package for OpenCV python bindings."
category = "main"
optional = false
python-versions = "*"

[package.dependencies]
numpy = ">=1.11.1"

[[package]]
name = "opencv-python"
version = "4.1.1.26"
description = "Wrapper package for OpenCV python bindings."
category = "main"
optional = false
python-versions = "*"

[package.dependencies]
numpy = ">=1.11.1"

[[package]]
name = "packaging"
version = "19.2"
description = "Core utilities for Python packages"
category = "dev"
optional = false
python-versions = ">=2.7, !=3.0.*, !=3.1.*, !=3.2.*, !=3.3.*"

[package.dependencies]
pyparsing = ">=2.0.2"
six = "*"

[[package]]
name = "pillow"
version = "8.1.1"
description = "Python Imaging Library (Fork)"
category = "main"
optional = false
python-versions = ">=3.6"

[[package]]
name = "pluggy"
version = "0.13.0"
description = "plugin and hook calling mechanisms for python"
category = "dev"
optional = false
python-versions = ">=2.7, !=3.0.*, !=3.1.*, !=3.2.*, !=3.3.*"

[package.dependencies]
importlib-metadata = {version = ">=0.12", markers = "python_version < \"3.8\""}

[package.extras]
dev = ["pre-commit", "tox"]

[[package]]
name = "protobuf"
version = "3.10.0"
description = "Protocol Buffers"
category = "main"
optional = false
python-versions = "*"

[package.dependencies]
six = ">=1.9"

[[package]]
name = "py"
version = "1.8.0"
description = "library with cross-python path, ini-parsing, io, code, log facilities"
category = "dev"
optional = false
python-versions = ">=2.7, !=3.0.*, !=3.1.*, !=3.2.*, !=3.3.*"

[[package]]
name = "pycodestyle"
version = "2.5.0"
description = "Python style guide checker"
category = "dev"
optional = false
python-versions = ">=2.7, !=3.0.*, !=3.1.*, !=3.2.*, !=3.3.*"

[[package]]
name = "pyparsing"
version = "2.4.4"
description = "Python parsing module"
category = "main"
optional = false
python-versions = ">=2.6, !=3.0.*, !=3.1.*, !=3.2.*"

[[package]]
name = "pyserial"
version = "3.4"
description = "Python Serial Port Extension"
category = "main"
optional = false
python-versions = "*"

[[package]]
name = "pytest"
version = "5.2.2"
description = "pytest: simple powerful testing with Python"
category = "dev"
optional = false
python-versions = ">=3.5"

[package.dependencies]
atomicwrites = ">=1.0"
attrs = ">=17.4.0"
colorama = {version = "*", markers = "sys_platform == \"win32\""}
importlib-metadata = {version = ">=0.12", markers = "python_version < \"3.8\""}
more-itertools = ">=4.0.0"
packaging = "*"
pluggy = ">=0.12,<1.0"
py = ">=1.5.0"
wcwidth = "*"

[package.extras]
testing = ["argcomplete", "hypothesis (>=3.56)", "mock", "nose", "requests", "xmlschema"]

[[package]]
name = "pytest-cov"
version = "2.8.1"
description = "Pytest plugin for measuring coverage."
category = "dev"
optional = false
python-versions = ">=2.7, !=3.0.*, !=3.1.*, !=3.2.*, !=3.3.*"

[package.dependencies]
coverage = ">=4.4"
pytest = ">=3.6"

[package.extras]
testing = ["fields", "hunter", "process-tests (==2.0.2)", "six", "virtualenv"]

[[package]]
name = "python-dateutil"
version = "2.8.1"
description = "Extensions to the standard Python datetime module"
category = "main"
optional = false
python-versions = "!=3.0.*,!=3.1.*,!=3.2.*,>=2.7"

[package.dependencies]
six = ">=1.5"

[[package]]
name = "requests"
version = "2.22.0"
description = "Python HTTP for Humans."
category = "dev"
optional = false
python-versions = ">=2.7, !=3.0.*, !=3.1.*, !=3.2.*, !=3.3.*, !=3.4.*"

[package.dependencies]
certifi = ">=2017.4.17"
chardet = ">=3.0.2,<3.1.0"
idna = ">=2.5,<2.9"
urllib3 = ">=1.21.1,<1.25.0 || >1.25.0,<1.25.1 || >1.25.1,<1.26"

[package.extras]
security = ["pyOpenSSL (>=0.14)", "cryptography (>=1.3.4)", "idna (>=2.0.0)"]
socks = ["PySocks (>=1.5.6,!=1.5.7)", "win-inet-pton"]

[[package]]
name = "six"
version = "1.13.0"
description = "Python 2 and 3 compatibility utilities"
category = "main"
optional = false
python-versions = ">=2.6, !=3.0.*, !=3.1.*"

[[package]]
name = "tqdm"
version = "4.37.0"
description = "Fast, Extensible Progress Meter"
category = "main"
optional = false
python-versions = ">=2.6, !=3.0.*, !=3.1.*"

[package.extras]
dev = ["py-make (>=0.1.0)", "twine", "argopt", "pydoc-markdown"]

[[package]]
name = "typing"
version = "3.6.6"
description = "Type Hints for Python"
category = "main"
optional = false
python-versions = "*"

[[package]]
name = "typing-extensions"
version = "3.6.6"
description = "Backported and Experimental Type Hints for Python 3.5+"
category = "main"
optional = false
python-versions = "*"

[package.dependencies]
typing = ">=3.6.2"

[[package]]
name = "urllib3"
version = "1.25.6"
description = "HTTP library with thread-safe connection pooling, file post, and more."
category = "dev"
optional = false
python-versions = ">=2.7, !=3.0.*, !=3.1.*, !=3.2.*, !=3.3.*, <4"

[package.extras]
brotli = ["brotlipy (>=0.6.0)"]
secure = ["pyOpenSSL (>=0.14)", "cryptography (>=1.3.4)", "idna (>=2.0.0)", "certifi", "ipaddress"]
socks = ["PySocks (>=1.5.6,!=1.5.7,<2.0)"]

[[package]]
name = "wcwidth"
version = "0.1.7"
description = "Measures number of Terminal column cells of wide-character codes"
category = "dev"
optional = false
python-versions = "*"

[[package]]
name = "zipp"
version = "0.6.0"
description = "Backport of pathlib-compatible object wrapper for zip files"
category = "dev"
optional = false
python-versions = ">=2.7"

[package.dependencies]
more-itertools = "*"

[package.extras]
docs = ["sphinx", "jaraco.packaging (>=3.2)", "rst.linker (>=1.9)"]
testing = ["pathlib2", "contextlib2", "unittest2"]

[metadata]
lock-version = "1.1"
python-versions = "^3.7"
content-hash = "70eb01432dd6e9b42f9a66db1e71abd6e30f3be2277f9259de4203d34e64546a"

[metadata.files]
atomicwrites = [
    {file = "atomicwrites-1.3.0-py2.py3-none-any.whl", hash = "sha256:03472c30eb2c5d1ba9227e4c2ca66ab8287fbfbbda3888aa93dc2e28fc6811b4"},
    {file = "atomicwrites-1.3.0.tar.gz", hash = "sha256:75a9445bac02d8d058d5e1fe689654ba5a6556a1dfd8ce6ec55a0ed79866cfa6"},
]
attrs = [
    {file = "attrs-19.3.0-py2.py3-none-any.whl", hash = "sha256:08a96c641c3a74e44eb59afb61a24f2cb9f4d7188748e76ba4bb5edfa3cb7d1c"},
    {file = "attrs-19.3.0.tar.gz", hash = "sha256:f7b7ce16570fe9965acd6d30101a28f62fb4a7f9e926b3bbc9b61f8b04247e72"},
]
autopep8 = [
    {file = "autopep8-1.4.4.tar.gz", hash = "sha256:4d8eec30cc81bc5617dbf1218201d770dc35629363547f17577c61683ccfb3ee"},
]
certifi = [
    {file = "certifi-2019.9.11-py2.py3-none-any.whl", hash = "sha256:fd7c7c74727ddcf00e9acd26bba8da604ffec95bf1c2144e67aff7a8b50e6cef"},
    {file = "certifi-2019.9.11.tar.gz", hash = "sha256:e4f3620cfea4f83eedc95b24abd9cd56f3c4b146dd0177e83a21b4eb49e21e50"},
]
chainer = [
    {file = "chainer-6.5.0.tar.gz", hash = "sha256:9e1b275036871a89df6f20b8cad73e0804a8be85e48f67a2123cc127c46ac7e1"},
]
chardet = [
    {file = "chardet-3.0.4-py2.py3-none-any.whl", hash = "sha256:fc323ffcaeaed0e0a02bf4d117757b98aed530d9ed4531e3e15460124c106691"},
    {file = "chardet-3.0.4.tar.gz", hash = "sha256:84ab92ed1c4d4f16916e05906b6b75a6c0fb5db821cc65e70cbd64a3e2a5eaae"},
]
colorama = [
    {file = "colorama-0.4.1-py2.py3-none-any.whl", hash = "sha256:f8ac84de7840f5b9c4e3347b3c1eaa50f7e49c2b07596221daec5edaabbd7c48"},
    {file = "colorama-0.4.1.tar.gz", hash = "sha256:05eed71e2e327246ad6b38c540c4a3117230b19679b875190486ddd2d721422d"},
]
coverage = [
    {file = "coverage-4.5.4-cp26-cp26m-macosx_10_12_x86_64.whl", hash = "sha256:eee64c616adeff7db37cc37da4180a3a5b6177f5c46b187894e633f088fb5b28"},
    {file = "coverage-4.5.4-cp27-cp27m-macosx_10_12_x86_64.whl", hash = "sha256:ef824cad1f980d27f26166f86856efe11eff9912c4fed97d3804820d43fa550c"},
    {file = "coverage-4.5.4-cp27-cp27m-macosx_10_13_intel.whl", hash = "sha256:9a334d6c83dfeadae576b4d633a71620d40d1c379129d587faa42ee3e2a85cce"},
    {file = "coverage-4.5.4-cp27-cp27m-manylinux1_i686.whl", hash = "sha256:7494b0b0274c5072bddbfd5b4a6c6f18fbbe1ab1d22a41e99cd2d00c8f96ecfe"},
    {file = "coverage-4.5.4-cp27-cp27m-manylinux1_x86_64.whl", hash = "sha256:826f32b9547c8091679ff292a82aca9c7b9650f9fda3e2ca6bf2ac905b7ce888"},
    {file = "coverage-4.5.4-cp27-cp27m-win32.whl", hash = "sha256:63a9a5fc43b58735f65ed63d2cf43508f462dc49857da70b8980ad78d41d52fc"},
    {file = "coverage-4.5.4-cp27-cp27m-win_amd64.whl", hash = "sha256:e2ede7c1d45e65e209d6093b762e98e8318ddeff95317d07a27a2140b80cfd24"},
    {file = "coverage-4.5.4-cp27-cp27mu-manylinux1_i686.whl", hash = "sha256:dd579709a87092c6dbee09d1b7cfa81831040705ffa12a1b248935274aee0437"},
    {file = "coverage-4.5.4-cp27-cp27mu-manylinux1_x86_64.whl", hash = "sha256:08907593569fe59baca0bf152c43f3863201efb6113ecb38ce7e97ce339805a6"},
    {file = "coverage-4.5.4-cp33-cp33m-macosx_10_10_x86_64.whl", hash = "sha256:6b62544bb68106e3f00b21c8930e83e584fdca005d4fffd29bb39fb3ffa03cb5"},
    {file = "coverage-4.5.4-cp34-cp34m-macosx_10_12_x86_64.whl", hash = "sha256:331cb5115673a20fb131dadd22f5bcaf7677ef758741312bee4937d71a14b2ef"},
    {file = "coverage-4.5.4-cp34-cp34m-manylinux1_i686.whl", hash = "sha256:bf1ef9eb901113a9805287e090452c05547578eaab1b62e4ad456fcc049a9b7e"},
    {file = "coverage-4.5.4-cp34-cp34m-manylinux1_x86_64.whl", hash = "sha256:386e2e4090f0bc5df274e720105c342263423e77ee8826002dcffe0c9533dbca"},
    {file = "coverage-4.5.4-cp34-cp34m-win32.whl", hash = "sha256:fa964bae817babece5aa2e8c1af841bebb6d0b9add8e637548809d040443fee0"},
    {file = "coverage-4.5.4-cp34-cp34m-win_amd64.whl", hash = "sha256:df6712284b2e44a065097846488f66840445eb987eb81b3cc6e4149e7b6982e1"},
    {file = "coverage-4.5.4-cp35-cp35m-macosx_10_12_x86_64.whl", hash = "sha256:efc89291bd5a08855829a3c522df16d856455297cf35ae827a37edac45f466a7"},
    {file = "coverage-4.5.4-cp35-cp35m-manylinux1_i686.whl", hash = "sha256:e4ef9c164eb55123c62411f5936b5c2e521b12356037b6e1c2617cef45523d47"},
    {file = "coverage-4.5.4-cp35-cp35m-manylinux1_x86_64.whl", hash = "sha256:ff37757e068ae606659c28c3bd0d923f9d29a85de79bf25b2b34b148473b5025"},
    {file = "coverage-4.5.4-cp35-cp35m-win32.whl", hash = "sha256:bf0a7aed7f5521c7ca67febd57db473af4762b9622254291fbcbb8cd0ba5e33e"},
    {file = "coverage-4.5.4-cp35-cp35m-win_amd64.whl", hash = "sha256:19e4df788a0581238e9390c85a7a09af39c7b539b29f25c89209e6c3e371270d"},
    {file = "coverage-4.5.4-cp36-cp36m-macosx_10_13_x86_64.whl", hash = "sha256:60851187677b24c6085248f0a0b9b98d49cba7ecc7ec60ba6b9d2e5574ac1ee9"},
    {file = "coverage-4.5.4-cp36-cp36m-manylinux1_i686.whl", hash = "sha256:245388cda02af78276b479f299bbf3783ef0a6a6273037d7c60dc73b8d8d7755"},
    {file = "coverage-4.5.4-cp36-cp36m-manylinux1_x86_64.whl", hash = "sha256:c0afd27bc0e307a1ffc04ca5ec010a290e49e3afbe841c5cafc5c5a80ecd81c9"},
    {file = "coverage-4.5.4-cp36-cp36m-win32.whl", hash = "sha256:6ba744056423ef8d450cf627289166da65903885272055fb4b5e113137cfa14f"},
    {file = "coverage-4.5.4-cp36-cp36m-win_amd64.whl", hash = "sha256:af7ed8a8aa6957aac47b4268631fa1df984643f07ef00acd374e456364b373f5"},
    {file = "coverage-4.5.4-cp37-cp37m-macosx_10_13_x86_64.whl", hash = "sha256:3a794ce50daee01c74a494919d5ebdc23d58873747fa0e288318728533a3e1ca"},
    {file = "coverage-4.5.4-cp37-cp37m-manylinux1_i686.whl", hash = "sha256:0be0f1ed45fc0c185cfd4ecc19a1d6532d72f86a2bac9de7e24541febad72650"},
    {file = "coverage-4.5.4-cp37-cp37m-manylinux1_x86_64.whl", hash = "sha256:eca2b7343524e7ba246cab8ff00cab47a2d6d54ada3b02772e908a45675722e2"},
    {file = "coverage-4.5.4-cp37-cp37m-win32.whl", hash = "sha256:93715dffbcd0678057f947f496484e906bf9509f5c1c38fc9ba3922893cda5f5"},
    {file = "coverage-4.5.4-cp37-cp37m-win_amd64.whl", hash = "sha256:23cc09ed395b03424d1ae30dcc292615c1372bfba7141eb85e11e50efaa6b351"},
    {file = "coverage-4.5.4-cp38-cp38-macosx_10_13_x86_64.whl", hash = "sha256:141f08ed3c4b1847015e2cd62ec06d35e67a3ac185c26f7635f4406b90afa9c5"},
    {file = "coverage-4.5.4.tar.gz", hash = "sha256:e07d9f1a23e9e93ab5c62902833bf3e4b1f65502927379148b6622686223125c"},
]
coveralls = [
    {file = "coveralls-1.8.2-py2.py3-none-any.whl", hash = "sha256:9bc5a1f92682eef59f688a8f280207190d9a6afb84cef8f567fa47631a784060"},
    {file = "coveralls-1.8.2.tar.gz", hash = "sha256:fb51cddef4bc458de347274116df15d641a735d3f0a580a9472174e2e62f408c"},
]
cycler = [
    {file = "cycler-0.10.0-py2.py3-none-any.whl", hash = "sha256:1d8a5ae1ff6c5cf9b93e8811e581232ad8920aeec647c37316ceac982b08cb2d"},
    {file = "cycler-0.10.0.tar.gz", hash = "sha256:cd7b2d1018258d7247a71425e9f26463dfb444d411c39569972f4ce586b0c9d8"},
]
docopt = [
    {file = "docopt-0.6.2.tar.gz", hash = "sha256:49b3a825280bd66b3aa83585ef59c4a8c82f2c8a522dbe754a8bc8d08c85c491"},
]
filelock = [
    {file = "filelock-3.0.12-py3-none-any.whl", hash = "sha256:929b7d63ec5b7d6b71b0fa5ac14e030b3f70b75747cef1b10da9b879fef15836"},
    {file = "filelock-3.0.12.tar.gz", hash = "sha256:18d82244ee114f543149c66a6e0c14e9c4f8a1044b5cdaadd0f82159d6a6ff59"},
]
idna = [
    {file = "idna-2.8-py2.py3-none-any.whl", hash = "sha256:ea8b7f6188e6fa117537c3df7da9fc686d485087abf6ac197f9c46432f7e4a3c"},
    {file = "idna-2.8.tar.gz", hash = "sha256:c357b3f628cf53ae2c4c05627ecc484553142ca23264e593d327bcde5e9c3407"},
]
importlib-metadata = [
    {file = "importlib_metadata-0.23-py2.py3-none-any.whl", hash = "sha256:d5f18a79777f3aa179c145737780282e27b508fc8fd688cb17c7a813e8bd39af"},
    {file = "importlib_metadata-0.23.tar.gz", hash = "sha256:aa18d7378b00b40847790e7c27e11673d7fed219354109d0e7b9e5b25dc3ad26"},
]
kiwisolver = [
    {file = "kiwisolver-1.1.0-cp27-cp27m-macosx_10_6_intel.macosx_10_9_intel.macosx_10_9_x86_64.macosx_10_10_intel.macosx_10_10_x86_64.whl", hash = "sha256:7f4dd50874177d2bb060d74769210f3bce1af87a8c7cf5b37d032ebf94f0aca3"},
    {file = "kiwisolver-1.1.0-cp27-cp27m-macosx_10_6_intel.whl", hash = "sha256:fe51b79da0062f8e9d49ed0182a626a7dc7a0cbca0328f612c6ee5e4711c81e4"},
    {file = "kiwisolver-1.1.0-cp27-cp27m-manylinux1_i686.whl", hash = "sha256:f790f8b3dff3d53453de6a7b7ddd173d2e020fb160baff578d578065b108a05f"},
    {file = "kiwisolver-1.1.0-cp27-cp27m-manylinux1_x86_64.whl", hash = "sha256:f2b22153870ca5cf2ab9c940d7bc38e8e9089fa0f7e5856ea195e1cf4ff43d5a"},
    {file = "kiwisolver-1.1.0-cp27-cp27mu-manylinux1_i686.whl", hash = "sha256:e8bf074363ce2babeb4764d94f8e65efd22e6a7c74860a4f05a6947afc020ff2"},
    {file = "kiwisolver-1.1.0-cp27-cp27mu-manylinux1_x86_64.whl", hash = "sha256:05b5b061e09f60f56244adc885c4a7867da25ca387376b02c1efc29cc16bcd0f"},
    {file = "kiwisolver-1.1.0-cp27-none-win32.whl", hash = "sha256:47b8cb81a7d18dbaf4fed6a61c3cecdb5adec7b4ac292bddb0d016d57e8507d5"},
    {file = "kiwisolver-1.1.0-cp27-none-win_amd64.whl", hash = "sha256:b64916959e4ae0ac78af7c3e8cef4becee0c0e9694ad477b4c6b3a536de6a544"},
    {file = "kiwisolver-1.1.0-cp34-cp34m-macosx_10_6_intel.macosx_10_9_intel.macosx_10_9_x86_64.macosx_10_10_intel.macosx_10_10_x86_64.whl", hash = "sha256:682e54f0ce8f45981878756d7203fd01e188cc6c8b2c5e2cf03675390b4534d5"},
    {file = "kiwisolver-1.1.0-cp34-cp34m-manylinux1_i686.whl", hash = "sha256:d52e3b1868a4e8fd18b5cb15055c76820df514e26aa84cc02f593d99fef6707f"},
    {file = "kiwisolver-1.1.0-cp34-cp34m-manylinux1_x86_64.whl", hash = "sha256:8aa7009437640beb2768bfd06da049bad0df85f47ff18426261acecd1cf00897"},
    {file = "kiwisolver-1.1.0-cp34-none-win32.whl", hash = "sha256:26f4fbd6f5e1dabff70a9ba0d2c4bd30761086454aa30dddc5b52764ee4852b7"},
    {file = "kiwisolver-1.1.0-cp34-none-win_amd64.whl", hash = "sha256:79bfb2f0bd7cbf9ea256612c9523367e5ec51d7cd616ae20ca2c90f575d839a2"},
    {file = "kiwisolver-1.1.0-cp35-cp35m-macosx_10_6_intel.macosx_10_9_intel.macosx_10_9_x86_64.macosx_10_10_intel.macosx_10_10_x86_64.whl", hash = "sha256:3b2378ad387f49cbb328205bda569b9f87288d6bc1bf4cd683c34523a2341efe"},
    {file = "kiwisolver-1.1.0-cp35-cp35m-macosx_10_6_intel.whl", hash = "sha256:aa716b9122307c50686356cfb47bfbc66541868078d0c801341df31dca1232a9"},
    {file = "kiwisolver-1.1.0-cp35-cp35m-manylinux1_i686.whl", hash = "sha256:58e626e1f7dfbb620d08d457325a4cdac65d1809680009f46bf41eaf74ad0187"},
    {file = "kiwisolver-1.1.0-cp35-cp35m-manylinux1_x86_64.whl", hash = "sha256:e3a21a720791712ed721c7b95d433e036134de6f18c77dbe96119eaf7aa08004"},
    {file = "kiwisolver-1.1.0-cp35-none-win32.whl", hash = "sha256:939f36f21a8c571686eb491acfffa9c7f1ac345087281b412d63ea39ca14ec4a"},
    {file = "kiwisolver-1.1.0-cp35-none-win_amd64.whl", hash = "sha256:9733b7f64bd9f807832d673355f79703f81f0b3e52bfce420fc00d8cb28c6a6c"},
    {file = "kiwisolver-1.1.0-cp36-cp36m-macosx_10_6_intel.macosx_10_9_intel.macosx_10_9_x86_64.macosx_10_10_intel.macosx_10_10_x86_64.whl", hash = "sha256:acc4df99308111585121db217681f1ce0eecb48d3a828a2f9bbf9773f4937e9e"},
    {file = "kiwisolver-1.1.0-cp36-cp36m-macosx_10_6_intel.whl", hash = "sha256:9105ce82dcc32c73eb53a04c869b6a4bc756b43e4385f76ea7943e827f529e4d"},
    {file = "kiwisolver-1.1.0-cp36-cp36m-manylinux1_i686.whl", hash = "sha256:f16814a4a96dc04bf1da7d53ee8d5b1d6decfc1a92a63349bb15d37b6a263dd9"},
    {file = "kiwisolver-1.1.0-cp36-cp36m-manylinux1_x86_64.whl", hash = "sha256:400599c0fe58d21522cae0e8b22318e09d9729451b17ee61ba8e1e7c0346565c"},
    {file = "kiwisolver-1.1.0-cp36-none-win32.whl", hash = "sha256:db1a5d3cc4ae943d674718d6c47d2d82488ddd94b93b9e12d24aabdbfe48caee"},
    {file = "kiwisolver-1.1.0-cp36-none-win_amd64.whl", hash = "sha256:5a52e1b006bfa5be04fe4debbcdd2688432a9af4b207a3f429c74ad625022641"},
    {file = "kiwisolver-1.1.0-cp37-cp37m-macosx_10_6_intel.macosx_10_9_intel.macosx_10_9_x86_64.macosx_10_10_intel.macosx_10_10_x86_64.whl", hash = "sha256:a02f6c3e229d0b7220bd74600e9351e18bc0c361b05f29adae0d10599ae0e326"},
    {file = "kiwisolver-1.1.0-cp37-cp37m-macosx_10_6_intel.whl", hash = "sha256:9491578147849b93e70d7c1d23cb1229458f71fc79c51d52dce0809b2ca44eea"},
    {file = "kiwisolver-1.1.0-cp37-cp37m-manylinux1_i686.whl", hash = "sha256:5c7ca4e449ac9f99b3b9d4693debb1d6d237d1542dd6a56b3305fe8a9620f883"},
    {file = "kiwisolver-1.1.0-cp37-cp37m-manylinux1_x86_64.whl", hash = "sha256:a0c0a9f06872330d0dd31b45607197caab3c22777600e88031bfe66799e70bb0"},
    {file = "kiwisolver-1.1.0-cp37-none-win32.whl", hash = "sha256:8944a16020c07b682df861207b7e0efcd2f46c7488619cb55f65882279119389"},
    {file = "kiwisolver-1.1.0-cp37-none-win_amd64.whl", hash = "sha256:d3fcf0819dc3fea58be1fd1ca390851bdb719a549850e708ed858503ff25d995"},
    {file = "kiwisolver-1.1.0-cp38-cp38-macosx_10_9_x86_64.whl", hash = "sha256:933df612c453928f1c6faa9236161a1d999a26cd40abf1dc5d7ebbc6dbfb8fca"},
    {file = "kiwisolver-1.1.0-cp38-cp38-manylinux1_i686.whl", hash = "sha256:d22702cadb86b6fcba0e6b907d9f84a312db9cd6934ee728144ce3018e715ee1"},
    {file = "kiwisolver-1.1.0-cp38-cp38-manylinux1_x86_64.whl", hash = "sha256:210d8c39d01758d76c2b9a693567e1657ec661229bc32eac30761fa79b2474b0"},
    {file = "kiwisolver-1.1.0-cp38-none-win32.whl", hash = "sha256:76275ee077772c8dde04fb6c5bc24b91af1bb3e7f4816fd1852f1495a64dad93"},
    {file = "kiwisolver-1.1.0-cp38-none-win_amd64.whl", hash = "sha256:3b15d56a9cd40c52d7ab763ff0bc700edbb4e1a298dc43715ecccd605002cf11"},
    {file = "kiwisolver-1.1.0.tar.gz", hash = "sha256:53eaed412477c836e1b9522c19858a8557d6e595077830146182225613b11a75"},
]
matplotlib = [
    {file = "matplotlib-3.1.1-cp36-cp36m-macosx_10_6_intel.macosx_10_9_intel.macosx_10_9_x86_64.macosx_10_10_intel.macosx_10_10_x86_64.whl", hash = "sha256:796edbd1182cbffa7e1e7a97f1e141f875a8501ba8dd834269ae3cd45a8c976f"},
    {file = "matplotlib-3.1.1-cp36-cp36m-manylinux1_x86_64.whl", hash = "sha256:bab9d848dbf1517bc58d1f486772e99919b19efef5dd8596d4b26f9f5ee08b6b"},
    {file = "matplotlib-3.1.1-cp36-cp36m-win32.whl", hash = "sha256:934e6243df7165aad097572abf5b6003c77c9b6c480c3c4de6f2ef1b5fdd4ec0"},
    {file = "matplotlib-3.1.1-cp36-cp36m-win_amd64.whl", hash = "sha256:c1fe1e6cdaa53f11f088b7470c2056c0df7d80ee4858dadf6cbe433fcba4323b"},
    {file = "matplotlib-3.1.1-cp37-cp37m-macosx_10_6_intel.macosx_10_9_intel.macosx_10_9_x86_64.macosx_10_10_intel.macosx_10_10_x86_64.whl", hash = "sha256:ec6bd0a6a58df3628ff269978f4a4b924a0d371ad8ce1f8e2b635b99e482877a"},
    {file = "matplotlib-3.1.1-cp37-cp37m-manylinux1_x86_64.whl", hash = "sha256:31a30d03f39528c79f3a592857be62a08595dec4ac034978ecd0f814fa0eec2d"},
    {file = "matplotlib-3.1.1-cp37-cp37m-win32.whl", hash = "sha256:e5b8aeca9276a3a988caebe9f08366ed519fff98f77c6df5b64d7603d0e42e36"},
    {file = "matplotlib-3.1.1-cp37-cp37m-win_amd64.whl", hash = "sha256:4442ce720907f67a79d45de9ada47be81ce17e6c2f448b3c64765af93f6829c9"},
    {file = "matplotlib-3.1.1.tar.gz", hash = "sha256:1febd22afe1489b13c6749ea059d392c03261b2950d1d45c17e3aed812080c93"},
]
more-itertools = [
    {file = "more-itertools-7.2.0.tar.gz", hash = "sha256:409cd48d4db7052af495b09dec721011634af3753ae1ef92d2b32f73a745f832"},
    {file = "more_itertools-7.2.0-py3-none-any.whl", hash = "sha256:92b8c4b06dac4f0611c0729b2f2ede52b2e1bac1ab48f089c7ddc12e26bb60c4"},
]
numpy = [
    {file = "numpy-1.17.3-cp35-cp35m-macosx_10_6_intel.whl", hash = "sha256:4dd830a11e8724c9c9379feed1d1be43113f8bcce55f47ea7186d3946769ce26"},
    {file = "numpy-1.17.3-cp35-cp35m-manylinux1_i686.whl", hash = "sha256:30c84e3a62cfcb9e3066f25226e131451312a044f1fe2040e69ce792cb7de418"},
    {file = "numpy-1.17.3-cp35-cp35m-manylinux1_x86_64.whl", hash = "sha256:9395b0a41e8b7e9a284e3be7060db9d14ad80273841c952c83a5afc241d2bd98"},
    {file = "numpy-1.17.3-cp35-cp35m-win32.whl", hash = "sha256:9e37c35fc4e9410093b04a77d11a34c64bf658565e30df7cbe882056088a91c1"},
    {file = "numpy-1.17.3-cp35-cp35m-win_amd64.whl", hash = "sha256:de2b1c20494bdf47f0160bd88ed05f5e48ae5dc336b8de7cfade71abcc95c0b9"},
    {file = "numpy-1.17.3-cp36-cp36m-macosx_10_9_x86_64.whl", hash = "sha256:669795516d62f38845c7033679c648903200980d68935baaa17ac5c7ae03ae0c"},
    {file = "numpy-1.17.3-cp36-cp36m-manylinux1_i686.whl", hash = "sha256:4650d94bb9c947151737ee022b934b7d9a845a7c76e476f3e460f09a0c8c6f39"},
    {file = "numpy-1.17.3-cp36-cp36m-manylinux1_x86_64.whl", hash = "sha256:4f2a2b279efde194877aff1f76cf61c68e840db242a5c7169f1ff0fd59a2b1e2"},
    {file = "numpy-1.17.3-cp36-cp36m-win32.whl", hash = "sha256:ffca69e29079f7880c5392bf675eb8b4146479d976ae1924d01cd92b04cccbcc"},
    {file = "numpy-1.17.3-cp36-cp36m-win_amd64.whl", hash = "sha256:2e418f0a59473dac424f888dd57e85f77502a593b207809211c76e5396ae4f5c"},
    {file = "numpy-1.17.3-cp37-cp37m-macosx_10_9_x86_64.whl", hash = "sha256:75fcd60d682db3e1f8fbe2b8b0c6761937ad56d01c1dc73edf4ef2748d5b6bc4"},
    {file = "numpy-1.17.3-cp37-cp37m-manylinux1_i686.whl", hash = "sha256:28b1180c758abf34a5c3fea76fcee66a87def1656724c42bb14a6f9717a5bdf7"},
    {file = "numpy-1.17.3-cp37-cp37m-manylinux1_x86_64.whl", hash = "sha256:dd0667f5be56fb1b570154c2c0516a528e02d50da121bbbb2cbb0b6f87f59bc2"},
    {file = "numpy-1.17.3-cp37-cp37m-win32.whl", hash = "sha256:25ffe71f96878e1da7e014467e19e7db90ae7d4e12affbc73101bcf61785214e"},
    {file = "numpy-1.17.3-cp37-cp37m-win_amd64.whl", hash = "sha256:0b0dd8f47fb177d00fa6ef2d58783c4f41ad3126b139c91dd2f7c4b3fdf5e9a5"},
    {file = "numpy-1.17.3-cp38-cp38-macosx_10_9_x86_64.whl", hash = "sha256:62d22566b3e3428dfc9ec972014c38ed9a4db4f8969c78f5414012ccd80a149e"},
    {file = "numpy-1.17.3-cp38-cp38-manylinux1_i686.whl", hash = "sha256:26efd7f7d755e6ca966a5c0ac5a930a87dbbaab1c51716ac26a38f42ecc9bc4b"},
    {file = "numpy-1.17.3-cp38-cp38-manylinux1_x86_64.whl", hash = "sha256:b46554ad4dafb2927f88de5a1d207398c5385edbb5c84d30b3ef187c4a3894d8"},
    {file = "numpy-1.17.3-cp38-cp38-win32.whl", hash = "sha256:c867eeccd934920a800f65c6068acdd6b87e80d45cd8c8beefff783b23cdc462"},
    {file = "numpy-1.17.3-cp38-cp38-win_amd64.whl", hash = "sha256:f1df7b2b7740dd777571c732f98adb5aad5450aee32772f1b39249c8a50386f6"},
    {file = "numpy-1.17.3.zip", hash = "sha256:a0678793096205a4d784bd99f32803ba8100f639cf3b932dc63b21621390ea7e"},
]
opencv-contrib-python = [
    {file = "opencv_contrib_python-4.1.1.26-cp27-cp27m-macosx_10_8_x86_64.macosx_10_9_intel.macosx_10_9_x86_64.macosx_10_10_intel.macosx_10_10_x86_64.whl", hash = "sha256:abe05935ccaa16670100656d9313ebe965c554b5ad719b0f139758b9fd9eec9a"},
    {file = "opencv_contrib_python-4.1.1.26-cp27-cp27m-manylinux1_i686.whl", hash = "sha256:688c48909b43347afd5d7e965e78af3c5a5d5d47056da80600348884dde79d2e"},
    {file = "opencv_contrib_python-4.1.1.26-cp27-cp27m-manylinux1_x86_64.whl", hash = "sha256:412a70352faf35374b15af974079e65321af530a9d7a11919d5642345ccd9ea7"},
    {file = "opencv_contrib_python-4.1.1.26-cp27-cp27m-win32.whl", hash = "sha256:3e420739d3ee8b1273b9258f1ad58f515c5905d458542fdf82134f3b671418ed"},
    {file = "opencv_contrib_python-4.1.1.26-cp27-cp27m-win_amd64.whl", hash = "sha256:767c7193520c028fea33ca2b9aa72b6ccd5e67cb2a6f6fef9e910bb65321d835"},
    {file = "opencv_contrib_python-4.1.1.26-cp27-cp27mu-manylinux1_i686.whl", hash = "sha256:560b6e4a961a83f742ca45a7d769771e03dbd7661995e2e83382295c826f1034"},
    {file = "opencv_contrib_python-4.1.1.26-cp27-cp27mu-manylinux1_x86_64.whl", hash = "sha256:ed3d62b4f4b023dcdc5df486416e6403090c8009673216ee41d2a279cde96c21"},
    {file = "opencv_contrib_python-4.1.1.26-cp34-cp34m-macosx_10_8_x86_64.macosx_10_9_intel.macosx_10_9_x86_64.macosx_10_10_intel.macosx_10_10_x86_64.whl", hash = "sha256:bba43cf21456ca45eaa89b1b463044234fe035ddb92e0bb00089fa4c881cc7d5"},
    {file = "opencv_contrib_python-4.1.1.26-cp34-cp34m-manylinux1_i686.whl", hash = "sha256:345c3053292f356e9b8a1b857bf4ac927b603b0ad2e026c46d549fdaba7e0943"},
    {file = "opencv_contrib_python-4.1.1.26-cp34-cp34m-manylinux1_x86_64.whl", hash = "sha256:cbd81312e725679f41c87f3a4e37358af977fec822b015d029cc1c9ef11091a3"},
    {file = "opencv_contrib_python-4.1.1.26-cp34-cp34m-win32.whl", hash = "sha256:72b5259d55b17f04f3dfeca1b18f8d68b8fe23a511642939880492f2ecbf479e"},
    {file = "opencv_contrib_python-4.1.1.26-cp34-cp34m-win_amd64.whl", hash = "sha256:0c190e6abbbe47b9fb4bccdedb3f2e3d6cb97294072f3639f42a7cb9f2694895"},
    {file = "opencv_contrib_python-4.1.1.26-cp35-cp35m-macosx_10_8_x86_64.macosx_10_9_intel.macosx_10_9_x86_64.macosx_10_10_intel.macosx_10_10_x86_64.whl", hash = "sha256:aa4cacbbc60c6a0302447a9553bb672aacf54e0eb5b6ec3cb0192a09669277f7"},
    {file = "opencv_contrib_python-4.1.1.26-cp35-cp35m-manylinux1_i686.whl", hash = "sha256:83596827c2f11405910a5391dcb15bbcaae3aa6f21403d76a80cdaa7a153d9d6"},
    {file = "opencv_contrib_python-4.1.1.26-cp35-cp35m-manylinux1_x86_64.whl", hash = "sha256:55ee429bebdadcbca7fa7902869a397db16d401545d31c1776fc56011a196ce3"},
    {file = "opencv_contrib_python-4.1.1.26-cp35-cp35m-win32.whl", hash = "sha256:4e8fac588e667a89dbb8c7fe267a268272b9805623b3d9886c8a63480a3a8bfb"},
    {file = "opencv_contrib_python-4.1.1.26-cp35-cp35m-win_amd64.whl", hash = "sha256:9ee562990e68e91c3e9bbb4a74ca44921618292c68e8a838ebd4ed020d5b0333"},
    {file = "opencv_contrib_python-4.1.1.26-cp36-cp36m-macosx_10_8_x86_64.macosx_10_9_intel.macosx_10_9_x86_64.macosx_10_10_intel.macosx_10_10_x86_64.whl", hash = "sha256:91a2f973ab95e0a9b75e7011c5eabdf9f4da1e5d1be4d31f14bf3544ed51dfde"},
    {file = "opencv_contrib_python-4.1.1.26-cp36-cp36m-manylinux1_i686.whl", hash = "sha256:10598030408098693ffeba561d5508f406cdb105a788f0a7e0a77b027039037f"},
    {file = "opencv_contrib_python-4.1.1.26-cp36-cp36m-manylinux1_x86_64.whl", hash = "sha256:a1f6499447c69ccfdb49dd084c4918ebd8c57dda06ae298dbe8b998fd45288c4"},
    {file = "opencv_contrib_python-4.1.1.26-cp36-cp36m-win32.whl", hash = "sha256:3a2af59e65182192897c59b789003088647a8f45f5e1f7c31a2f650d810b8ae7"},
    {file = "opencv_contrib_python-4.1.1.26-cp36-cp36m-win_amd64.whl", hash = "sha256:0f844f2977efe5a7e350d5cb89e9d39fd6040e70c00161242b8847ae2a9ecb9f"},
    {file = "opencv_contrib_python-4.1.1.26-cp37-cp37m-macosx_10_8_x86_64.macosx_10_9_intel.macosx_10_9_x86_64.macosx_10_10_intel.macosx_10_10_x86_64.whl", hash = "sha256:e60ea4db1fe54103407a62d4c32727357bf2717d775b7299bcc314a7686d3c11"},
    {file = "opencv_contrib_python-4.1.1.26-cp37-cp37m-manylinux1_i686.whl", hash = "sha256:7d545fc5fc8b55bd0508a736f42490154784f95f43015bd94aa388fc034cd67f"},
    {file = "opencv_contrib_python-4.1.1.26-cp37-cp37m-manylinux1_x86_64.whl", hash = "sha256:8bb6bb04028af3b6df763a6289ac41906960a4c47415db0856048c02563e3d0e"},
    {file = "opencv_contrib_python-4.1.1.26-cp37-cp37m-win32.whl", hash = "sha256:b4f5635703726c98d95c50d5a4912ef38f571a8ff99ec4ddaa2174529101cd53"},
    {file = "opencv_contrib_python-4.1.1.26-cp37-cp37m-win_amd64.whl", hash = "sha256:4245cc246c4007d6cf3ac24e05dc6b9b24e1204eeb0a22089a90d4162e8b8d0c"},
]
opencv-python = [
    {file = "opencv_python-4.1.1.26-cp27-cp27m-macosx_10_8_x86_64.macosx_10_9_intel.macosx_10_9_x86_64.macosx_10_10_intel.macosx_10_10_x86_64.whl", hash = "sha256:19ad2ea9fb32946761b47b9d6eed51876a8329da127f27788263fecd66651ba0"},
    {file = "opencv_python-4.1.1.26-cp27-cp27m-manylinux1_i686.whl", hash = "sha256:68c9cbe538666c4667523821cc56caee49389bea06bae4c0fc2cd68bd264226a"},
    {file = "opencv_python-4.1.1.26-cp27-cp27m-manylinux1_x86_64.whl", hash = "sha256:1a250edb739baf3e7c25d99a2ee252aac4f59a97e0bee39237eaa490fd0281d3"},
    {file = "opencv_python-4.1.1.26-cp27-cp27m-win32.whl", hash = "sha256:0478a1037505ddde312806c960a5e8958d2cf7a2885e8f2f5dde74c4028e0b04"},
    {file = "opencv_python-4.1.1.26-cp27-cp27m-win_amd64.whl", hash = "sha256:5a49cffcdec5e37217672579c3343565926d999642844efa9c6a031ed5f32318"},
    {file = "opencv_python-4.1.1.26-cp27-cp27mu-manylinux1_i686.whl", hash = "sha256:c9c3f27867153634e1083390920067008ebaaab78aeb09c4e0274e69746cb2c8"},
    {file = "opencv_python-4.1.1.26-cp27-cp27mu-manylinux1_x86_64.whl", hash = "sha256:4e04a91da157885359f487534433340b2d709927559c80acf62c28167e59be02"},
    {file = "opencv_python-4.1.1.26-cp34-cp34m-macosx_10_8_x86_64.macosx_10_9_intel.macosx_10_9_x86_64.macosx_10_10_intel.macosx_10_10_x86_64.whl", hash = "sha256:604b2ce3d4a86480ced0813da7fba269b4605ad9fea26cd2144d8077928d4b49"},
    {file = "opencv_python-4.1.1.26-cp34-cp34m-manylinux1_i686.whl", hash = "sha256:82d972429eb4fee22c1dc4204af2a2e981f010e5e4f66daea2a6c68381b79184"},
    {file = "opencv_python-4.1.1.26-cp34-cp34m-manylinux1_x86_64.whl", hash = "sha256:db1479636812a6579a3753b72a6fefaa73190f32bf7b19e483f8bc750cebe1a5"},
    {file = "opencv_python-4.1.1.26-cp34-cp34m-win32.whl", hash = "sha256:62d7c6e511c9454f099616315c695d02a584048e1affe034b39160db7a2ae34d"},
    {file = "opencv_python-4.1.1.26-cp34-cp34m-win_amd64.whl", hash = "sha256:61cbb8fa9565a0480c46028599431ad8f19181a7fac8070a700515fd54cd7377"},
    {file = "opencv_python-4.1.1.26-cp35-cp35m-macosx_10_8_x86_64.macosx_10_9_intel.macosx_10_9_x86_64.macosx_10_10_intel.macosx_10_10_x86_64.whl", hash = "sha256:952bce4d30a8287b17721ddaad7f115dab268efee8576249ddfede80ec2ce404"},
    {file = "opencv_python-4.1.1.26-cp35-cp35m-manylinux1_i686.whl", hash = "sha256:bfdb636a3796ff223460ea0fcfda906b3b54f4bef22ae433a5b67e66fab00b25"},
    {file = "opencv_python-4.1.1.26-cp35-cp35m-manylinux1_x86_64.whl", hash = "sha256:3505468970448f66cd776cb9e179570c87988f94b5cf9bcbc4c2d88bd88bbdf1"},
    {file = "opencv_python-4.1.1.26-cp35-cp35m-win32.whl", hash = "sha256:9172cf8270572c494d8b2ae12ef87c0f6eed9d132927e614099f76843b0c91d7"},
    {file = "opencv_python-4.1.1.26-cp35-cp35m-win_amd64.whl", hash = "sha256:d69be21973d450a4662ae6bd1b3df6b1af030e448d7276380b0d1adf7c8c2ae6"},
    {file = "opencv_python-4.1.1.26-cp36-cp36m-macosx_10_8_x86_64.macosx_10_9_intel.macosx_10_9_x86_64.macosx_10_10_intel.macosx_10_10_x86_64.whl", hash = "sha256:e4625a6b032e7797958aeb630d6e3e91e3896d285020aae612e6d7b342d6dfea"},
    {file = "opencv_python-4.1.1.26-cp36-cp36m-manylinux1_i686.whl", hash = "sha256:db8313d755962a7dd61e5c22a651e0743208adfdb255c6ec8904ce9cb02940c6"},
    {file = "opencv_python-4.1.1.26-cp36-cp36m-manylinux1_x86_64.whl", hash = "sha256:67d994c6b2b14cb9239e85dc7dfa6c08ef7cf6eb4def80c0af6141dfacc8cbb9"},
    {file = "opencv_python-4.1.1.26-cp36-cp36m-win32.whl", hash = "sha256:e8397a26966a1290836a52c34b362aabc65a422b9ffabcbbdec1862f023ccab8"},
    {file = "opencv_python-4.1.1.26-cp36-cp36m-win_amd64.whl", hash = "sha256:9128924f5b58269ee221b8cf2d736f31bd3bb0391b92ee8504caadd68c8176a2"},
    {file = "opencv_python-4.1.1.26-cp37-cp37m-macosx_10_8_x86_64.macosx_10_9_intel.macosx_10_9_x86_64.macosx_10_10_intel.macosx_10_10_x86_64.whl", hash = "sha256:01505b131dc35f60e99a5da98b77156e37f872ae0ff5596e5e68d526bb572d3c"},
    {file = "opencv_python-4.1.1.26-cp37-cp37m-manylinux1_i686.whl", hash = "sha256:822ad8f628a9498f569c57d30865f5ef9ee17824cee0a1d456211f742028c135"},
    {file = "opencv_python-4.1.1.26-cp37-cp37m-manylinux1_x86_64.whl", hash = "sha256:17810b89f9ef8e8537e75332acf533e619e26ccadbf1b73f24bf338f2d327ddd"},
    {file = "opencv_python-4.1.1.26-cp37-cp37m-win32.whl", hash = "sha256:a8147718e70b1f170a3d26518e992160137365a4db0ed82a9efd3040f9f660d4"},
    {file = "opencv_python-4.1.1.26-cp37-cp37m-win_amd64.whl", hash = "sha256:6555272dd9efd412d17cdc1a4f4c2da5753c099d95d9ff01aca54bb9782fb5cf"},
]
packaging = [
    {file = "packaging-19.2-py2.py3-none-any.whl", hash = "sha256:d9551545c6d761f3def1677baf08ab2a3ca17c56879e70fecba2fc4dde4ed108"},
    {file = "packaging-19.2.tar.gz", hash = "sha256:28b924174df7a2fa32c1953825ff29c61e2f5e082343165438812f00d3a7fc47"},
]
pillow = [
    {file = "Pillow-8.1.1-cp36-cp36m-macosx_10_10_x86_64.whl", hash = "sha256:14415e9e28410232370615dbde0cf0a00e526f522f665460344a5b96973a3086"},
    {file = "Pillow-8.1.1-cp36-cp36m-manylinux1_i686.whl", hash = "sha256:924fc33cb4acaf6267b8ca3b8f1922620d57a28470d5e4f49672cea9a841eb08"},
    {file = "Pillow-8.1.1-cp36-cp36m-manylinux1_x86_64.whl", hash = "sha256:df534e64d4f3e84e8f1e1a37da3f541555d947c1c1c09b32178537f0f243f69d"},
    {file = "Pillow-8.1.1-cp36-cp36m-manylinux2014_aarch64.whl", hash = "sha256:4fe74636ee71c57a7f65d7b21a9f127d842b4fb75511e5d256ace258826eb352"},
    {file = "Pillow-8.1.1-cp36-cp36m-win32.whl", hash = "sha256:3e759bcc03d6f39bc751e56d86bc87252b9a21c689a27c5ed753717a87d53a5b"},
    {file = "Pillow-8.1.1-cp36-cp36m-win_amd64.whl", hash = "sha256:292f2aa1ae5c5c1451cb4b558addb88c257411d3fd71c6cf45562911baffc979"},
    {file = "Pillow-8.1.1-cp37-cp37m-macosx_10_10_x86_64.whl", hash = "sha256:8211cac9bf10461f9e33fe9a3af6c5131f3fdd0d10672afc2abb2c70cf95c5ca"},
    {file = "Pillow-8.1.1-cp37-cp37m-manylinux1_i686.whl", hash = "sha256:d30f30c044bdc0ab8f3924e1eeaac87e0ff8a27e87369c5cac4064b6ec78fd83"},
    {file = "Pillow-8.1.1-cp37-cp37m-manylinux1_x86_64.whl", hash = "sha256:7094bbdecb95ebe53166e4c12cf5e28310c2b550b08c07c5dc15433898e2238e"},
    {file = "Pillow-8.1.1-cp37-cp37m-manylinux2014_aarch64.whl", hash = "sha256:1022f8f6dc3c5b0dcf928f1c49ba2ac73051f576af100d57776e2b65c1f76a8d"},
    {file = "Pillow-8.1.1-cp37-cp37m-win32.whl", hash = "sha256:a7d690b2c5f7e4a932374615fedceb1e305d2dd5363c1de15961725fe10e7d16"},
    {file = "Pillow-8.1.1-cp37-cp37m-win_amd64.whl", hash = "sha256:436b0a2dd9fe3f7aa6a444af6bdf53c1eb8f5ced9ea3ef104daa83f0ea18e7bc"},
    {file = "Pillow-8.1.1-cp38-cp38-macosx_10_10_x86_64.whl", hash = "sha256:c448d2b335e21951416a30cd48d35588d122a912d5fe9e41900afacecc7d21a1"},
    {file = "Pillow-8.1.1-cp38-cp38-manylinux1_i686.whl", hash = "sha256:bb18422ad00c1fecc731d06592e99c3be2c634da19e26942ba2f13d805005cf2"},
    {file = "Pillow-8.1.1-cp38-cp38-manylinux1_x86_64.whl", hash = "sha256:3ec87bd1248b23a2e4e19e774367fbe30fddc73913edc5f9b37470624f55dc1f"},
    {file = "Pillow-8.1.1-cp38-cp38-manylinux2014_aarch64.whl", hash = "sha256:99ce3333b40b7a4435e0a18baad468d44ab118a4b1da0af0a888893d03253f1d"},
    {file = "Pillow-8.1.1-cp38-cp38-win32.whl", hash = "sha256:2f0d7034d5faae9a8d1019d152ede924f653df2ce77d3bba4ce62cd21b5f94ae"},
    {file = "Pillow-8.1.1-cp38-cp38-win_amd64.whl", hash = "sha256:07872f1d8421db5a3fe770f7480835e5e90fddb58f36c216d4a2ac0d594de474"},
    {file = "Pillow-8.1.1-cp39-cp39-macosx_10_10_x86_64.whl", hash = "sha256:69da5b1d7102a61ce9b45deb2920a2012d52fd8f4201495ea9411d0071b0ec22"},
    {file = "Pillow-8.1.1-cp39-cp39-macosx_11_0_arm64.whl", hash = "sha256:2a40d7d4b17db87f5b9a1efc0aff56000e1d0d5ece415090c102aafa0ccbe858"},
    {file = "Pillow-8.1.1-cp39-cp39-manylinux1_i686.whl", hash = "sha256:01bb0a34f1a6689b138c0089d670ae2e8f886d2666a9b2f2019031abdea673c4"},
    {file = "Pillow-8.1.1-cp39-cp39-manylinux1_x86_64.whl", hash = "sha256:43b3c859912e8bf754b3c5142df624794b18eb7ae07cfeddc917e1a9406a3ef2"},
    {file = "Pillow-8.1.1-cp39-cp39-manylinux2014_aarch64.whl", hash = "sha256:3b13d89d97b551e02549d1f0edf22bed6acfd6fd2e888cd1e9a953bf215f0e81"},
    {file = "Pillow-8.1.1-cp39-cp39-win32.whl", hash = "sha256:c143c409e7bc1db784471fe9d0bf95f37c4458e879ad84cfae640cb74ee11a26"},
    {file = "Pillow-8.1.1-cp39-cp39-win_amd64.whl", hash = "sha256:1c5e3c36f02c815766ae9dd91899b1c5b4652f2a37b7a51609f3bd467c0f11fb"},
    {file = "Pillow-8.1.1-pp36-pypy36_pp73-macosx_10_10_x86_64.whl", hash = "sha256:8cf77e458bd996dc85455f10fe443c0c946f5b13253773439bcbec08aa1aebc2"},
    {file = "Pillow-8.1.1-pp36-pypy36_pp73-manylinux2010_i686.whl", hash = "sha256:c10af40ee2f1a99e1ae755ab1f773916e8bca3364029a042cd9161c400416bd8"},
    {file = "Pillow-8.1.1-pp36-pypy36_pp73-manylinux2010_x86_64.whl", hash = "sha256:ff83dfeb04c98bb3e7948f876c17513a34e9a19fd92e292288649164924c1b39"},
    {file = "Pillow-8.1.1-pp37-pypy37_pp73-macosx_10_10_x86_64.whl", hash = "sha256:b9af590adc1e46898a1276527f3cfe2da8048ae43fbbf9b1bf9395f6c99d9b47"},
    {file = "Pillow-8.1.1-pp37-pypy37_pp73-manylinux2010_i686.whl", hash = "sha256:172acfaf00434a28dddfe592d83f2980e22e63c769ff4a448ddf7b7a38ffd165"},
    {file = "Pillow-8.1.1-pp37-pypy37_pp73-manylinux2010_x86_64.whl", hash = "sha256:33fdbd4f5608c852d97264f9d2e3b54e9e9959083d008145175b86100b275e5b"},
    {file = "Pillow-8.1.1-pp37-pypy37_pp73-win32.whl", hash = "sha256:59445af66b59cc39530b4f810776928d75e95f41e945f0c32a3de4aceb93c15d"},
    {file = "Pillow-8.1.1.tar.gz", hash = "sha256:f6fc18f9c9c7959bf58e6faf801d14fafb6d4717faaf6f79a68c8bb2a13dcf20"},
]
pluggy = [
    {file = "pluggy-0.13.0-py2.py3-none-any.whl", hash = "sha256:0db4b7601aae1d35b4a033282da476845aa19185c1e6964b25cf324b5e4ec3e6"},
    {file = "pluggy-0.13.0.tar.gz", hash = "sha256:fa5fa1622fa6dd5c030e9cad086fa19ef6a0cf6d7a2d12318e10cb49d6d68f34"},
]
protobuf = [
    {file = "protobuf-3.10.0-cp27-cp27m-macosx_10_9_intel.whl", hash = "sha256:f50f3b1c5c1c1334ca7ce9cad5992f098f460ffd6388a3cabad10b66c2006b09"},
    {file = "protobuf-3.10.0-cp27-cp27mu-manylinux1_x86_64.whl", hash = "sha256:ca33d2f09dae149a1dcf942d2d825ebb06343b77b437198c9e2ef115cf5d5bc1"},
    {file = "protobuf-3.10.0-cp35-cp35m-macosx_10_9_intel.whl", hash = "sha256:f99f127909731cafb841c52f9216e447d3e4afb99b17bebfad327a75aee206de"},
    {file = "protobuf-3.10.0-cp35-cp35m-manylinux1_x86_64.whl", hash = "sha256:6f6677c5ade94d4fe75a912926d6796d5c71a2a90c2aeefe0d6f211d75c74789"},
    {file = "protobuf-3.10.0-cp35-cp35m-win32.whl", hash = "sha256:84a825a9418d7196e2acc48f8746cf1ee75877ed2f30433ab92a133f3eaf8fbe"},
    {file = "protobuf-3.10.0-cp35-cp35m-win_amd64.whl", hash = "sha256:5984e4947bbcef5bd849d6244aec507d31786f2dd3344139adc1489fb403b300"},
    {file = "protobuf-3.10.0-cp36-cp36m-macosx_10_9_intel.whl", hash = "sha256:3264f3c431a631b0b31e9db2ae8c927b79fc1a7b1b06b31e8e5bcf2af91fe896"},
    {file = "protobuf-3.10.0-cp36-cp36m-manylinux1_x86_64.whl", hash = "sha256:125713564d8cfed7610e52444c9769b8dcb0b55e25cc7841f2290ee7bc86636f"},
    {file = "protobuf-3.10.0-cp36-cp36m-win32.whl", hash = "sha256:3c5ab0f5c71ca5af27143e60613729e3488bb45f6d3f143dc918a20af8bab0bf"},
    {file = "protobuf-3.10.0-cp36-cp36m-win_amd64.whl", hash = "sha256:45dcf8758873e3f69feab075e5f3177270739f146255225474ee0b90429adef6"},
    {file = "protobuf-3.10.0-cp37-cp37m-macosx_10_9_intel.whl", hash = "sha256:6b0441da73796dd00821763bb4119674eaf252776beb50ae3883bed179a60b2a"},
    {file = "protobuf-3.10.0-cp37-cp37m-manylinux1_x86_64.whl", hash = "sha256:1accdb7a47e51503be64d9a57543964ba674edac103215576399d2d0e34eac77"},
    {file = "protobuf-3.10.0-cp37-cp37m-win32.whl", hash = "sha256:27003d12d4f68e3cbea9eb67427cab3bfddd47ff90670cb367fcd7a3a89b9657"},
    {file = "protobuf-3.10.0-cp37-cp37m-win_amd64.whl", hash = "sha256:b842c34fe043ccf78b4a6cf1019d7b80113707d68c88842d061fa2b8fb6ddedc"},
    {file = "protobuf-3.10.0-py2.7.egg", hash = "sha256:cc9af00df3fc9302f537a8335668c20be27916b2277e9a5eaed510266e2bb33b"},
    {file = "protobuf-3.10.0-py2.py3-none-any.whl", hash = "sha256:56a77d61a91186cc5676d8e11b36a5feb513873e4ae88d2ee5cf530d52bbcd3b"},
    {file = "protobuf-3.10.0.tar.gz", hash = "sha256:db83b5c12c0cd30150bb568e6feb2435c49ce4e68fe2d7b903113f0e221e58fe"},
]
py = [
    {file = "py-1.8.0-py2.py3-none-any.whl", hash = "sha256:64f65755aee5b381cea27766a3a147c3f15b9b6b9ac88676de66ba2ae36793fa"},
    {file = "py-1.8.0.tar.gz", hash = "sha256:dc639b046a6e2cff5bbe40194ad65936d6ba360b52b3c3fe1d08a82dd50b5e53"},
]
pycodestyle = [
    {file = "pycodestyle-2.5.0-py2.py3-none-any.whl", hash = "sha256:95a2219d12372f05704562a14ec30bc76b05a5b297b21a5dfe3f6fac3491ae56"},
    {file = "pycodestyle-2.5.0.tar.gz", hash = "sha256:e40a936c9a450ad81df37f549d676d127b1b66000a6c500caa2b085bc0ca976c"},
]
pyparsing = [
    {file = "pyparsing-2.4.4-py2.py3-none-any.whl", hash = "sha256:61b5ed888beab19ddccab3478910e2076a6b5a0295dffc43021890e136edf764"},
    {file = "pyparsing-2.4.4.tar.gz", hash = "sha256:4acadc9a2b96c19fe00932a38ca63e601180c39a189a696abce1eaab641447e1"},
]
pyserial = [
    {file = "pyserial-3.4-py2.py3-none-any.whl", hash = "sha256:e0770fadba80c31013896c7e6ef703f72e7834965954a78e71a3049488d4d7d8"},
    {file = "pyserial-3.4.tar.gz", hash = "sha256:6e2d401fdee0eab996cf734e67773a0143b932772ca8b42451440cfed942c627"},
]
pytest = [
    {file = "pytest-5.2.2-py3-none-any.whl", hash = "sha256:58cee9e09242937e136dbb3dab466116ba20d6b7828c7620f23947f37eb4dae4"},
    {file = "pytest-5.2.2.tar.gz", hash = "sha256:27abc3fef618a01bebb1f0d6d303d2816a99aa87a5968ebc32fe971be91eb1e6"},
]
pytest-cov = [
    {file = "pytest-cov-2.8.1.tar.gz", hash = "sha256:cc6742d8bac45070217169f5f72ceee1e0e55b0221f54bcf24845972d3a47f2b"},
    {file = "pytest_cov-2.8.1-py2.py3-none-any.whl", hash = "sha256:cdbdef4f870408ebdbfeb44e63e07eb18bb4619fae852f6e760645fa36172626"},
]
python-dateutil = [
    {file = "python-dateutil-2.8.1.tar.gz", hash = "sha256:73ebfe9dbf22e832286dafa60473e4cd239f8592f699aa5adaf10050e6e1823c"},
    {file = "python_dateutil-2.8.1-py2.py3-none-any.whl", hash = "sha256:75bb3f31ea686f1197762692a9ee6a7550b59fc6ca3a1f4b5d7e32fb98e2da2a"},
]
requests = [
    {file = "requests-2.22.0-py2.py3-none-any.whl", hash = "sha256:9cf5292fcd0f598c671cfc1e0d7d1a7f13bb8085e9a590f48c010551dc6c4b31"},
    {file = "requests-2.22.0.tar.gz", hash = "sha256:11e007a8a2aa0323f5a921e9e6a2d7e4e67d9877e85773fba9ba6419025cbeb4"},
]
six = [
    {file = "six-1.13.0-py2.py3-none-any.whl", hash = "sha256:1f1b7d42e254082a9db6279deae68afb421ceba6158efa6131de7b3003ee93fd"},
    {file = "six-1.13.0.tar.gz", hash = "sha256:30f610279e8b2578cab6db20741130331735c781b56053c59c4076da27f06b66"},
]
tqdm = [
    {file = "tqdm-4.37.0-py2.py3-none-any.whl", hash = "sha256:94d2a64582150f503a294b3b8889413e7e56d6043473d6a5672d46185b043902"},
    {file = "tqdm-4.37.0.tar.gz", hash = "sha256:fca09992116d6dc3ad9789cf601a254081eb40d5c14c1863ab6cd10e15c2cb26"},
]
typing = [
    {file = "typing-3.6.6-py2-none-any.whl", hash = "sha256:a4c8473ce11a65999c8f59cb093e70686b6c84c98df58c1dae9b3b196089858a"},
    {file = "typing-3.6.6-py3-none-any.whl", hash = "sha256:57dcf675a99b74d64dacf6fba08fb17cf7e3d5fdff53d4a30ea2a5e7e52543d4"},
    {file = "typing-3.6.6.tar.gz", hash = "sha256:4027c5f6127a6267a435201981ba156de91ad0d1d98e9ddc2aa173453453492d"},
]
typing-extensions = [
    {file = "typing_extensions-3.6.6-py2-none-any.whl", hash = "sha256:2a6c6e78e291a4b6cbd0bbfd30edc0baaa366de962129506ec8fe06bdec66457"},
    {file = "typing_extensions-3.6.6-py3-none-any.whl", hash = "sha256:55401f6ed58ade5638eb566615c150ba13624e2f0c1eedd080fc3c1b6cb76f1d"},
    {file = "typing_extensions-3.6.6.tar.gz", hash = "sha256:51e7b7f3dcabf9ad22eed61490f3b8d23d9922af400fe6656cb08e66656b701f"},
]
urllib3 = [
    {file = "urllib3-1.25.6-py2.py3-none-any.whl", hash = "sha256:3de946ffbed6e6746608990594d08faac602528ac7015ac28d33cee6a45b7398"},
    {file = "urllib3-1.25.6.tar.gz", hash = "sha256:9a107b99a5393caf59c7aa3c1249c16e6879447533d0887f4336dde834c7be86"},
]
wcwidth = [
    {file = "wcwidth-0.1.7-py2.py3-none-any.whl", hash = "sha256:f4ebe71925af7b40a864553f761ed559b43544f8f71746c2d756c7fe788ade7c"},
    {file = "wcwidth-0.1.7.tar.gz", hash = "sha256:3df37372226d6e63e1b1e1eda15c594bca98a22d33a23832a90998faa96bc65e"},
]
zipp = [
    {file = "zipp-0.6.0-py2.py3-none-any.whl", hash = "sha256:f06903e9f1f43b12d371004b4ac7b06ab39a44adc747266928ae6debfa7b3335"},
    {file = "zipp-0.6.0.tar.gz", hash = "sha256:3718b1cbcd963c7d4c5511a8240812904164b7f381b647143a89d3b98f9bcd8e"},
]
